
Microsoft Visual Studio Solution File, Format Version 12.00
# Visual Studio 14
VisualStudioVersion = 14.0.24720.0
MinimumVisualStudioVersion = 10.0.40219.1
Project("{FAE04EC0-301F-11D3-BF4B-00C04F79EFBC}") = "2Operators", "2Operators\2Operators.csproj", "{45EEE6E5-15CB-4E75-8490-F6F2AB660641}"
EndProject
Global
	GlobalSection(SolutionConfigurationPlatforms) = preSolution
		Debug|Any CPU = Debug|Any CPU
		Release|Any CPU = Release|Any CPU
	EndGlobalSection
	GlobalSection(ProjectConfigurationPlatforms) = postSolution
		{45EEE6E5-15CB-4E75-8490-F6F2AB660641}.Debug|Any CPU.ActiveCfg = Debug|Any CPU
		{45EEE6E5-15CB-4E75-8490-F6F2AB660641}.Debug|Any CPU.Build.0 = Debug|Any CPU
		{45EEE6E5-15CB-4E75-8490-F6F2AB660641}.Release|Any CPU.ActiveCfg = Release|Any CPU
		{45EEE6E5-15CB-4E75-8490-F6F2AB660641}.Release|Any CPU.Build.0 = Release|Any CPU
	EndGlobalSection
	GlobalSection(SolutionProperties) = preSolution
		HideSolutionNode = FALSE
	EndGlobalSection
EndGlobal
